
Microsoft Visual Studio Solution File, Format Version 12.00
# Visual Studio Version 17
VisualStudioVersion = 17.4.33403.182
MinimumVisualStudioVersion = 10.0.40219.1
Project("{FAE04EC0-301F-11D3-BF4B-00C04F79EFBC}") = "MyAcademyCarBook.EntityLayer", "MyAcademyCarBook.EntityLayer\MyAcademyCarBook.EntityLayer.csproj", "{C6B5EDC1-C0D4-4ECA-BEF4-99B52BD968C0}"
EndProject
Project("{FAE04EC0-301F-11D3-BF4B-00C04F79EFBC}") = "MyAcademyCarBook.DataAccessLayer", "MyAcademyCarBook.DataAccessLayer\MyAcademyCarBook.DataAccessLayer.csproj", "{0BF101E4-402C-478F-A5D6-B385BCF9F0B8}"
EndProject
Project("{FAE04EC0-301F-11D3-BF4B-00C04F79EFBC}") = "MyAcademyCarBook.BusinessLayer", "MyAcademyCarBook.BusinessLayer\MyAcademyCarBook.BusinessLayer.csproj", "{EE256722-DE15-4B7A-A92B-D45478E26393}"
EndProject
Project("{FAE04EC0-301F-11D3-BF4B-00C04F79EFBC}") = "MyAcademyCarBook.PresentationLayer", "MyAcademyCarBook.PresentationLayer\MyAcademyCarBook.PresentationLayer.csproj", "{399CE466-12E8-4B75-84B8-ABD00DDA2A4D}"
EndProject
Project("{FAE04EC0-301F-11D3-BF4B-00C04F79EFBC}") = "MyAcademyCarBook.DtoLayer", "MyAcademyCarBook.DtoLayer\MyAcademyCarBook.DtoLayer.csproj", "{6CBD7880-6011-4CA5-87B1-E03C67030E1C}"
EndProject
Global
	GlobalSection(SolutionConfigurationPlatforms) = preSolution
		Debug|Any CPU = Debug|Any CPU
		Release|Any CPU = Release|Any CPU
	EndGlobalSection
	GlobalSection(ProjectConfigurationPlatforms) = postSolution
		{C6B5EDC1-C0D4-4ECA-BEF4-99B52BD968C0}.Debug|Any CPU.ActiveCfg = Debug|Any CPU
		{C6B5EDC1-C0D4-4ECA-BEF4-99B52BD968C0}.Debug|Any CPU.Build.0 = Debug|Any CPU
		{C6B5EDC1-C0D4-4ECA-BEF4-99B52BD968C0}.Release|Any CPU.ActiveCfg = Release|Any CPU
		{C6B5EDC1-C0D4-4ECA-BEF4-99B52BD968C0}.Release|Any CPU.Build.0 = Release|Any CPU
		{0BF101E4-402C-478F-A5D6-B385BCF9F0B8}.Debug|Any CPU.ActiveCfg = Debug|Any CPU
		{0BF101E4-402C-478F-A5D6-B385BCF9F0B8}.Debug|Any CPU.Build.0 = Debug|Any CPU
		{0BF101E4-402C-478F-A5D6-B385BCF9F0B8}.Release|Any CPU.ActiveCfg = Release|Any CPU
		{0BF101E4-402C-478F-A5D6-B385BCF9F0B8}.Release|Any CPU.Build.0 = Release|Any CPU
		{EE256722-DE15-4B7A-A92B-D45478E26393}.Debug|Any CPU.ActiveCfg = Debug|Any CPU
		{EE256722-DE15-4B7A-A92B-D45478E26393}.Debug|Any CPU.Build.0 = Debug|Any CPU
		{EE256722-DE15-4B7A-A92B-D45478E26393}.Release|Any CPU.ActiveCfg = Release|Any CPU
		{EE256722-DE15-4B7A-A92B-D45478E26393}.Release|Any CPU.Build.0 = Release|Any CPU
		{399CE466-12E8-4B75-84B8-ABD00DDA2A4D}.Debug|Any CPU.ActiveCfg = Debug|Any CPU
		{399CE466-12E8-4B75-84B8-ABD00DDA2A4D}.Debug|Any CPU.Build.0 = Debug|Any CPU
		{399CE466-12E8-4B75-84B8-ABD00DDA2A4D}.Release|Any CPU.ActiveCfg = Release|Any CPU
		{399CE466-12E8-4B75-84B8-ABD00DDA2A4D}.Release|Any CPU.Build.0 = Release|Any CPU
		{6CBD7880-6011-4CA5-87B1-E03C67030E1C}.Debug|Any CPU.ActiveCfg = Debug|Any CPU
		{6CBD7880-6011-4CA5-87B1-E03C67030E1C}.Debug|Any CPU.Build.0 = Debug|Any CPU
		{6CBD7880-6011-4CA5-87B1-E03C67030E1C}.Release|Any CPU.ActiveCfg = Release|Any CPU
		{6CBD7880-6011-4CA5-87B1-E03C67030E1C}.Release|Any CPU.Build.0 = Release|Any CPU
	EndGlobalSection
	GlobalSection(SolutionProperties) = preSolution
		HideSolutionNode = FALSE
	EndGlobalSection
	GlobalSection(ExtensibilityGlobals) = postSolution
		SolutionGuid = {D7120B21-BF99-4CE7-8CCD-CA34430F54E3}
	EndGlobalSection
EndGlobal
